
Microsoft Visual Studio Solution File, Format Version 12.00
# Visual Studio Version 17
VisualStudioVersion = 17.12.35707.178 d17.12
MinimumVisualStudioVersion = 10.0.40219.1
Project("{8BC9CEB8-8B4A-11D0-8D11-00A0C91BC942}") = "kenshi_multiplayer", "kenshi_multiplayer\kenshi_multiplayer.vcxproj", "{4E355EA6-002A-4585-AAD7-3A355AA71070}"
EndProject
Project("{FAE04EC0-301F-11D3-BF4B-00C04F79EFBC}") = "KenshiLauncher", "launcher\KenshiLauncher.csproj", "{8BE12454-C70A-4EBD-BCD9-782888EDA720}"
EndProject
Global
	GlobalSection(SolutionConfigurationPlatforms) = preSolution
		Debug|x64 = Debug|x64
		Debug|x86 = Debug|x86
		Release|x64 = Release|x64
		Release|x86 = Release|x86
	EndGlobalSection
	GlobalSection(ProjectConfigurationPlatforms) = postSolution
		{4E355EA6-002A-4585-AAD7-3A355AA71070}.Debug|x64.ActiveCfg = Debug|x64
		{4E355EA6-002A-4585-AAD7-3A355AA71070}.Debug|x64.Build.0 = Debug|x64
		{4E355EA6-002A-4585-AAD7-3A355AA71070}.Debug|x86.ActiveCfg = Debug|Win32
		{4E355EA6-002A-4585-AAD7-3A355AA71070}.Debug|x86.Build.0 = Debug|Win32
		{4E355EA6-002A-4585-AAD7-3A355AA71070}.Release|x64.ActiveCfg = Release|x64
		{4E355EA6-002A-4585-AAD7-3A355AA71070}.Release|x64.Build.0 = Release|x64
		{4E355EA6-002A-4585-AAD7-3A355AA71070}.Release|x86.ActiveCfg = Release|Win32
		{4E355EA6-002A-4585-AAD7-3A355AA71070}.Release|x86.Build.0 = Release|Win32
		{8BE12454-C70A-4EBD-BCD9-782888EDA720}.Debug|x64.ActiveCfg = Debug|Any CPU
		{8BE12454-C70A-4EBD-BCD9-782888EDA720}.Debug|x64.Build.0 = Debug|Any CPU
		{8BE12454-C70A-4EBD-BCD9-782888EDA720}.Debug|x86.ActiveCfg = Debug|Any CPU
		{8BE12454-C70A-4EBD-BCD9-782888EDA720}.Debug|x86.Build.0 = Debug|Any CPU
		{8BE12454-C70A-4EBD-BCD9-782888EDA720}.Release|x64.ActiveCfg = Release|Any CPU
		{8BE12454-C70A-4EBD-BCD9-782888EDA720}.Release|x64.Build.0 = Release|Any CPU
		{8BE12454-C70A-4EBD-BCD9-782888EDA720}.Release|x86.ActiveCfg = Release|Any CPU
		{8BE12454-C70A-4EBD-BCD9-782888EDA720}.Release|x86.Build.0 = Release|Any CPU
	EndGlobalSection
	GlobalSection(SolutionProperties) = preSolution
		HideSolutionNode = FALSE
	EndGlobalSection
EndGlobal
